
Microsoft Visual Studio Solution File, Format Version 12.00
# Visual Studio Version 17
VisualStudioVersion = 17.8.34330.188
MinimumVisualStudioVersion = 10.0.40219.1
Project("{FAE04EC0-301F-11D3-BF4B-00C04F79EFBC}") = "LethalCompanyLightSwitchAlwaysOn", "LethalCompanyLightSwitchAlwaysOn\LethalCompanyLightSwitchAlwaysOn.csproj", "{4D8818C9-098D-438F-A0E9-5E68DAE171F0}"
EndProject
Global
	GlobalSection(SolutionConfigurationPlatforms) = preSolution
		Debug|Any CPU = Debug|Any CPU
		Release|Any CPU = Release|Any CPU
	EndGlobalSection
	GlobalSection(ProjectConfigurationPlatforms) = postSolution
		{4D8818C9-098D-438F-A0E9-5E68DAE171F0}.Debug|Any CPU.ActiveCfg = Debug|Any CPU
		{4D8818C9-098D-438F-A0E9-5E68DAE171F0}.Debug|Any CPU.Build.0 = Debug|Any CPU
		{4D8818C9-098D-438F-A0E9-5E68DAE171F0}.Release|Any CPU.ActiveCfg = Release|Any CPU
		{4D8818C9-098D-438F-A0E9-5E68DAE171F0}.Release|Any CPU.Build.0 = Release|Any CPU
	EndGlobalSection
	GlobalSection(SolutionProperties) = preSolution
		HideSolutionNode = FALSE
	EndGlobalSection
	GlobalSection(ExtensibilityGlobals) = postSolution
		SolutionGuid = {8291335D-5368-42B2-B582-2B300DEAEF97}
	EndGlobalSection
EndGlobal
